// !$*UTF8*$!
{
	archiveVersion = 1;
	classes = {
	};
	objectVersion = 56;
	objects = {

/* Begin PBXBuildFile section */
		C85E2B9E2A9DCD9500E34875 /* AppDelegate.swift in Sources */ = {isa = PBXBuildFile; fileRef = C85E2B9D2A9DCD9500E34875 /* AppDelegate.swift */; };
		C85E2BA02A9DCD9500E34875 /* SceneDelegate.swift in Sources */ = {isa = PBXBuildFile; fileRef = C85E2B9F2A9DCD9500E34875 /* SceneDelegate.swift */; };
		C85E2BA82A9DCD9500E34875 /* RandomGeekJoke.xcdatamodeld in Sources */ = {isa = PBXBuildFile; fileRef = C85E2BA62A9DCD9500E34875 /* RandomGeekJoke.xcdatamodeld */; };
		C85E2BAA2A9DCD9C00E34875 /* Assets.xcassets in Resources */ = {isa = PBXBuildFile; fileRef = C85E2BA92A9DCD9C00E34875 /* Assets.xcassets */; };
		C85E2BAD2A9DCD9C00E34875 /* LaunchScreen.storyboard in Resources */ = {isa = PBXBuildFile; fileRef = C85E2BAB2A9DCD9C00E34875 /* LaunchScreen.storyboard */; };
		C85E2BB52A9DCFBC00E34875 /* Endpoint.swift in Sources */ = {isa = PBXBuildFile; fileRef = C85E2BB42A9DCFBC00E34875 /* Endpoint.swift */; };
		C85E2BB82A9DD0D500E34875 /* Target.swift in Sources */ = {isa = PBXBuildFile; fileRef = C85E2BB72A9DD0D500E34875 /* Target.swift */; };
		C85E2BBA2A9DD15700E34875 /* Networking.swift in Sources */ = {isa = PBXBuildFile; fileRef = C85E2BB92A9DD15700E34875 /* Networking.swift */; };
		C85E2BBC2A9DD1A900E34875 /* NetworkError.swift in Sources */ = {isa = PBXBuildFile; fileRef = C85E2BBB2A9DD1A900E34875 /* NetworkError.swift */; };
		C85E2BBE2A9DD8D100E34875 /* Usecase.swift in Sources */ = {isa = PBXBuildFile; fileRef = C85E2BBD2A9DD8D100E34875 /* Usecase.swift */; };
		C85E2BC22A9DE03400E34875 /* Repository.swift in Sources */ = {isa = PBXBuildFile; fileRef = C85E2BC12A9DE03300E34875 /* Repository.swift */; };
		C85E2BC42A9DE09200E34875 /* LocalJokeStorage.swift in Sources */ = {isa = PBXBuildFile; fileRef = C85E2BC32A9DE09200E34875 /* LocalJokeStorage.swift */; };
		C85E2BC72A9DE11100E34875 /* ManagedJoke+CoreDataClass.swift in Sources */ = {isa = PBXBuildFile; fileRef = C85E2BC52A9DE11100E34875 /* ManagedJoke+CoreDataClass.swift */; };
		C85E2BC82A9DE11100E34875 /* ManagedJoke+CoreDataProperties.swift in Sources */ = {isa = PBXBuildFile; fileRef = C85E2BC62A9DE11100E34875 /* ManagedJoke+CoreDataProperties.swift */; };
		C85E2BCF2A9E093700E34875 /* CircularProgressBarView.swift in Sources */ = {isa = PBXBuildFile; fileRef = C85E2BCE2A9E093700E34875 /* CircularProgressBarView.swift */; };
		C85E2BD32A9E0A8C00E34875 /* JokeModel.swift in Sources */ = {isa = PBXBuildFile; fileRef = C85E2BD22A9E0A8C00E34875 /* JokeModel.swift */; };
		C85E2BD62A9E0C0600E34875 /* JokePresenter.swift in Sources */ = {isa = PBXBuildFile; fileRef = C85E2BD52A9E0C0600E34875 /* JokePresenter.swift */; };
/* End PBXBuildFile section */

/* Begin PBXFileReference section */
		C85E2B9A2A9DCD9500E34875 /* RandomGeekJoke.app */ = {isa = PBXFileReference; explicitFileType = wrapper.application; includeInIndex = 0; path = RandomGeekJoke.app; sourceTree = BUILT_PRODUCTS_DIR; };
		C85E2B9D2A9DCD9500E34875 /* AppDelegate.swift */ = {isa = PBXFileReference; lastKnownFileType = sourcecode.swift; path = AppDelegate.swift; sourceTree = "<group>"; };
		C85E2B9F2A9DCD9500E34875 /* SceneDelegate.swift */ = {isa = PBXFileReference; lastKnownFileType = sourcecode.swift; path = SceneDelegate.swift; sourceTree = "<group>"; };
		C85E2BA72A9DCD9500E34875 /* RandomGeekJoke.xcdatamodel */ = {isa = PBXFileReference; lastKnownFileType = wrapper.xcdatamodel; path = RandomGeekJoke.xcdatamodel; sourceTree = "<group>"; };
		C85E2BA92A9DCD9C00E34875 /* Assets.xcassets */ = {isa = PBXFileReference; lastKnownFileType = folder.assetcatalog; path = Assets.xcassets; sourceTree = "<group>"; };
		C85E2BAC2A9DCD9C00E34875 /* Base */ = {isa = PBXFileReference; lastKnownFileType = file.storyboard; name = Base; path = Base.lproj/LaunchScreen.storyboard; sourceTree = "<group>"; };
		C85E2BAE2A9DCD9C00E34875 /* Info.plist */ = {isa = PBXFileReference; lastKnownFileType = text.plist.xml; path = Info.plist; sourceTree = "<group>"; };
		C85E2BB42A9DCFBC00E34875 /* Endpoint.swift */ = {isa = PBXFileReference; lastKnownFileType = sourcecode.swift; path = Endpoint.swift; sourceTree = "<group>"; };
		C85E2BB72A9DD0D500E34875 /* Target.swift */ = {isa = PBXFileReference; lastKnownFileType = sourcecode.swift; path = Target.swift; sourceTree = "<group>"; };
		C85E2BB92A9DD15700E34875 /* Networking.swift */ = {isa = PBXFileReference; lastKnownFileType = sourcecode.swift; path = Networking.swift; sourceTree = "<group>"; };
		C85E2BBB2A9DD1A900E34875 /* NetworkError.swift */ = {isa = PBXFileReference; lastKnownFileType = sourcecode.swift; path = NetworkError.swift; sourceTree = "<group>"; };
		C85E2BBD2A9DD8D100E34875 /* Usecase.swift */ = {isa = PBXFileReference; lastKnownFileType = sourcecode.swift; path = Usecase.swift; sourceTree = "<group>"; };
		C85E2BC12A9DE03300E34875 /* Repository.swift */ = {isa = PBXFileReference; lastKnownFileType = sourcecode.swift; path = Repository.swift; sourceTree = "<group>"; };
		C85E2BC32A9DE09200E34875 /* LocalJokeStorage.swift */ = {isa = PBXFileReference; lastKnownFileType = sourcecode.swift; path = LocalJokeStorage.swift; sourceTree = "<group>"; };
		C85E2BC52A9DE11100E34875 /* ManagedJoke+CoreDataClass.swift */ = {isa = PBXFileReference; lastKnownFileType = sourcecode.swift; path = "ManagedJoke+CoreDataClass.swift"; sourceTree = "<group>"; };
		C85E2BC62A9DE11100E34875 /* ManagedJoke+CoreDataProperties.swift */ = {isa = PBXFileReference; lastKnownFileType = sourcecode.swift; path = "ManagedJoke+CoreDataProperties.swift"; sourceTree = "<group>"; };
		C85E2BCE2A9E093700E34875 /* CircularProgressBarView.swift */ = {isa = PBXFileReference; lastKnownFileType = sourcecode.swift; path = CircularProgressBarView.swift; sourceTree = "<group>"; };
		C85E2BD22A9E0A8C00E34875 /* JokeModel.swift */ = {isa = PBXFileReference; lastKnownFileType = sourcecode.swift; path = JokeModel.swift; sourceTree = "<group>"; };
		C85E2BD52A9E0C0600E34875 /* JokePresenter.swift */ = {isa = PBXFileReference; lastKnownFileType = sourcecode.swift; path = JokePresenter.swift; sourceTree = "<group>"; };
/* End PBXFileReference section */

/* Begin PBXFrameworksBuildPhase section */
		C85E2B972A9DCD9500E34875 /* Frameworks */ = {
			isa = PBXFrameworksBuildPhase;
			buildActionMask = 2147483647;
			files = (
			);
			runOnlyForDeploymentPostprocessing = 0;
		};
/* End PBXFrameworksBuildPhase section */

/* Begin PBXGroup section */
		C85E2B912A9DCD9500E34875 = {
			isa = PBXGroup;
			children = (
				C85E2B9C2A9DCD9500E34875 /* RandomGeekJoke */,
				C85E2B9B2A9DCD9500E34875 /* Products */,
			);
			sourceTree = "<group>";
		};
		C85E2B9B2A9DCD9500E34875 /* Products */ = {
			isa = PBXGroup;
			children = (
				C85E2B9A2A9DCD9500E34875 /* RandomGeekJoke.app */,
			);
			name = Products;
			sourceTree = "<group>";
		};
		C85E2B9C2A9DCD9500E34875 /* RandomGeekJoke */ = {
			isa = PBXGroup;
			children = (
				C85E2BCB2A9E08D000E34875 /* View */,
				C85E2BC92A9DE1EA00E34875 /* Repository */,
				C85E2BC02A9DDFF000E34875 /* Database */,
				C85E2BB62A9DD05100E34875 /* Network */,
				C85E2BBF2A9DD9B500E34875 /* Main */,
			);
			path = RandomGeekJoke;
			sourceTree = "<group>";
		};
		C85E2BB62A9DD05100E34875 /* Network */ = {
			isa = PBXGroup;
			children = (
				C85E2BB42A9DCFBC00E34875 /* Endpoint.swift */,
				C85E2BB72A9DD0D500E34875 /* Target.swift */,
				C85E2BB92A9DD15700E34875 /* Networking.swift */,
				C85E2BBB2A9DD1A900E34875 /* NetworkError.swift */,
				C85E2BBD2A9DD8D100E34875 /* Usecase.swift */,
			);
			path = Network;
			sourceTree = "<group>";
		};
		C85E2BBF2A9DD9B500E34875 /* Main */ = {
			isa = PBXGroup;
			children = (
				C85E2BAB2A9DCD9C00E34875 /* LaunchScreen.storyboard */,
				C85E2BA92A9DCD9C00E34875 /* Assets.xcassets */,
				C85E2BAE2A9DCD9C00E34875 /* Info.plist */,
				C85E2B9D2A9DCD9500E34875 /* AppDelegate.swift */,
				C85E2B9F2A9DCD9500E34875 /* SceneDelegate.swift */,
			);
			path = Main;
			sourceTree = "<group>";
		};
		C85E2BC02A9DDFF000E34875 /* Database */ = {
			isa = PBXGroup;
			children = (
				C85E2BC52A9DE11100E34875 /* ManagedJoke+CoreDataClass.swift */,
				C85E2BC62A9DE11100E34875 /* ManagedJoke+CoreDataProperties.swift */,
				C85E2BA62A9DCD9500E34875 /* RandomGeekJoke.xcdatamodeld */,
			);
			path = Database;
			sourceTree = "<group>";
		};
		C85E2BC92A9DE1EA00E34875 /* Repository */ = {
			isa = PBXGroup;
			children = (
				C85E2BC12A9DE03300E34875 /* Repository.swift */,
				C85E2BC32A9DE09200E34875 /* LocalJokeStorage.swift */,
			);
			path = Repository;
			sourceTree = "<group>";
		};
		C85E2BCB2A9E08D000E34875 /* View */ = {
			isa = PBXGroup;
			children = (
				C85E2BD22A9E0A8C00E34875 /* JokeModel.swift */,
				C85E2BCE2A9E093700E34875 /* CircularProgressBarView.swift */,
				C85E2BD52A9E0C0600E34875 /* JokePresenter.swift */,
			);
			path = View;
			sourceTree = "<group>";
		};
/* End PBXGroup section */

/* Begin PBXNativeTarget section */
		C85E2B992A9DCD9500E34875 /* RandomGeekJoke */ = {
			isa = PBXNativeTarget;
			buildConfigurationList = C85E2BB12A9DCD9C00E34875 /* Build configuration list for PBXNativeTarget "RandomGeekJoke" */;
			buildPhases = (
				C85E2B962A9DCD9500E34875 /* Sources */,
				C85E2B972A9DCD9500E34875 /* Frameworks */,
				C85E2B982A9DCD9500E34875 /* Resources */,
			);
			buildRules = (
			);
			dependencies = (
			);
			name = RandomGeekJoke;
			productName = RandomGeekJoke;
			productReference = C85E2B9A2A9DCD9500E34875 /* RandomGeekJoke.app */;
			productType = "com.apple.product-type.application";
		};
/* End PBXNativeTarget section */

/* Begin PBXProject section */
		C85E2B922A9DCD9500E34875 /* Project object */ = {
			isa = PBXProject;
			attributes = {
				BuildIndependentTargetsInParallel = 1;
				LastSwiftUpdateCheck = 1420;
				LastUpgradeCheck = 1420;
				TargetAttributes = {
					C85E2B992A9DCD9500E34875 = {
						CreatedOnToolsVersion = 14.2;
					};
				};
			};
			buildConfigurationList = C85E2B952A9DCD9500E34875 /* Build configuration list for PBXProject "RandomGeekJoke" */;
			compatibilityVersion = "Xcode 14.0";
			developmentRegion = en;
			hasScannedForEncodings = 0;
			knownRegions = (
				en,
				Base,
			);
			mainGroup = C85E2B912A9DCD9500E34875;
			productRefGroup = C85E2B9B2A9DCD9500E34875 /* Products */;
			projectDirPath = "";
			projectRoot = "";
			targets = (
				C85E2B992A9DCD9500E34875 /* RandomGeekJoke */,
			);
		};
/* End PBXProject section */

/* Begin PBXResourcesBuildPhase section */
		C85E2B982A9DCD9500E34875 /* Resources */ = {
			isa = PBXResourcesBuildPhase;
			buildActionMask = 2147483647;
			files = (
				C85E2BAD2A9DCD9C00E34875 /* LaunchScreen.storyboard in Resources */,
				C85E2BAA2A9DCD9C00E34875 /* Assets.xcassets in Resources */,
			);
			runOnlyForDeploymentPostprocessing = 0;
		};
/* End PBXResourcesBuildPhase section */

/* Begin PBXSourcesBuildPhase section */
		C85E2B962A9DCD9500E34875 /* Sources */ = {
			isa = PBXSourcesBuildPhase;
			buildActionMask = 2147483647;
			files = (
				C85E2BD62A9E0C0600E34875 /* JokePresenter.swift in Sources */,
				C85E2BC72A9DE11100E34875 /* ManagedJoke+CoreDataClass.swift in Sources */,
				C85E2BD32A9E0A8C00E34875 /* JokeModel.swift in Sources */,
				C85E2BC42A9DE09200E34875 /* LocalJokeStorage.swift in Sources */,
				C85E2BA82A9DCD9500E34875 /* RandomGeekJoke.xcdatamodeld in Sources */,
				C85E2BBE2A9DD8D100E34875 /* Usecase.swift in Sources */,
				C85E2BC82A9DE11100E34875 /* ManagedJoke+CoreDataProperties.swift in Sources */,
				C85E2BBC2A9DD1A900E34875 /* NetworkError.swift in Sources */,
				C85E2B9E2A9DCD9500E34875 /* AppDelegate.swift in Sources */,
				C85E2BB52A9DCFBC00E34875 /* Endpoint.swift in Sources */,
				C85E2BBA2A9DD15700E34875 /* Networking.swift in Sources */,
				C85E2BA02A9DCD9500E34875 /* SceneDelegate.swift in Sources */,
				C85E2BCF2A9E093700E34875 /* CircularProgressBarView.swift in Sources */,
				C85E2BB82A9DD0D500E34875 /* Target.swift in Sources */,
				C85E2BC22A9DE03400E34875 /* Repository.swift in Sources */,
			);
			runOnlyForDeploymentPostprocessing = 0;
		};
/* End PBXSourcesBuildPhase section */

/* Begin PBXVariantGroup section */
		C85E2BAB2A9DCD9C00E34875 /* LaunchScreen.storyboard */ = {
			isa = PBXVariantGroup;
			children = (
				C85E2BAC2A9DCD9C00E34875 /* Base */,
			);
			name = LaunchScreen.storyboard;
			sourceTree = "<group>";
		};
/* End PBXVariantGroup section */

/* Begin XCBuildConfiguration section */
		C85E2BAF2A9DCD9C00E34875 /* Debug */ = {
			isa = XCBuildConfiguration;
			buildSettings = {
				ALWAYS_SEARCH_USER_PATHS = NO;
				CLANG_ANALYZER_NONNULL = YES;
				CLANG_ANALYZER_NUMBER_OBJECT_CONVERSION = YES_AGGRESSIVE;
				CLANG_CXX_LANGUAGE_STANDARD = "gnu++20";
				CLANG_ENABLE_MODULES = YES;
				CLANG_ENABLE_OBJC_ARC = YES;
				CLANG_ENABLE_OBJC_WEAK = YES;
				CLANG_WARN_BLOCK_CAPTURE_AUTORELEASING = YES;
				CLANG_WARN_BOOL_CONVERSION = YES;
				CLANG_WARN_COMMA = YES;
				CLANG_WARN_CONSTANT_CONVERSION = YES;
				CLANG_WARN_DEPRECATED_OBJC_IMPLEMENTATIONS = YES;
				CLANG_WARN_DIRECT_OBJC_ISA_USAGE = YES_ERROR;
				CLANG_WARN_DOCUMENTATION_COMMENTS = YES;
				CLANG_WARN_EMPTY_BODY = YES;
				CLANG_WARN_ENUM_CONVERSION = YES;
				CLANG_WARN_INFINITE_RECURSION = YES;
				CLANG_WARN_INT_CONVERSION = YES;
				CLANG_WARN_NON_LITERAL_NULL_CONVERSION = YES;
				CLANG_WARN_OBJC_IMPLICIT_RETAIN_SELF = YES;
				CLANG_WARN_OBJC_LITERAL_CONVERSION = YES;
				CLANG_WARN_OBJC_ROOT_CLASS = YES_ERROR;
				CLANG_WARN_QUOTED_INCLUDE_IN_FRAMEWORK_HEADER = YES;
				CLANG_WARN_RANGE_LOOP_ANALYSIS = YES;
				CLANG_WARN_STRICT_PROTOTYPES = YES;
				CLANG_WARN_SUSPICIOUS_MOVE = YES;
				CLANG_WARN_UNGUARDED_AVAILABILITY = YES_AGGRESSIVE;
				CLANG_WARN_UNREACHABLE_CODE = YES;
				CLANG_WARN__DUPLICATE_METHOD_MATCH = YES;
				COPY_PHASE_STRIP = NO;
				DEBUG_INFORMATION_FORMAT = dwarf;
				ENABLE_STRICT_OBJC_MSGSEND = YES;
				ENABLE_TESTABILITY = YES;
				GCC_C_LANGUAGE_STANDARD = gnu11;
				GCC_DYNAMIC_NO_PIC = NO;
				GCC_NO_COMMON_BLOCKS = YES;
				GCC_OPTIMIZATION_LEVEL = 0;
				GCC_PREPROCESSOR_DEFINITIONS = (
					"DEBUG=1",
					"$(inherited)",
				);
				GCC_WARN_64_TO_32_BIT_CONVERSION = YES;
				GCC_WARN_ABOUT_RETURN_TYPE = YES_ERROR;
				GCC_WARN_UNDECLARED_SELECTOR = YES;
				GCC_WARN_UNINITIALIZED_AUTOS = YES_AGGRESSIVE;
				GCC_WARN_UNUSED_FUNCTION = YES;
				GCC_WARN_UNUSED_VARIABLE = YES;
				IPHONEOS_DEPLOYMENT_TARGET = 16.2;
				MTL_ENABLE_DEBUG_INFO = INCLUDE_SOURCE;
				MTL_FAST_MATH = YES;
				ONLY_ACTIVE_ARCH = YES;
				SDKROOT = iphoneos;
				SWIFT_ACTIVE_COMPILATION_CONDITIONS = DEBUG;
				SWIFT_OPTIMIZATION_LEVEL = "-Onone";
			};
			name = Debug;
		};
		C85E2BB02A9DCD9C00E34875 /* Release */ = {
			isa = XCBuildConfiguration;
			buildSettings = {
				ALWAYS_SEARCH_USER_PATHS = NO;
				CLANG_ANALYZER_NONNULL = YES;
				CLANG_ANALYZER_NUMBER_OBJECT_CONVERSION = YES_AGGRESSIVE;
				CLANG_CXX_LANGUAGE_STANDARD = "gnu++20";
				CLANG_ENABLE_MODULES = YES;
				CLANG_ENABLE_OBJC_ARC = YES;
				CLANG_ENABLE_OBJC_WEAK = YES;
				CLANG_WARN_BLOCK_CAPTURE_AUTORELEASING = YES;
				CLANG_WARN_BOOL_CONVERSION = YES;
				CLANG_WARN_COMMA = YES;
				CLANG_WARN_CONSTANT_CONVERSION = YES;
				CLANG_WARN_DEPRECATED_OBJC_IMPLEMENTATIONS = YES;
				CLANG_WARN_DIRECT_OBJC_ISA_USAGE = YES_ERROR;
				CLANG_WARN_DOCUMENTATION_COMMENTS = YES;
				CLANG_WARN_EMPTY_BODY = YES;
				CLANG_WARN_ENUM_CONVERSION = YES;
				CLANG_WARN_INFINITE_RECURSION = YES;
				CLANG_WARN_INT_CONVERSION = YES;
				CLANG_WARN_NON_LITERAL_NULL_CONVERSION = YES;
				CLANG_WARN_OBJC_IMPLICIT_RETAIN_SELF = YES;
				CLANG_WARN_OBJC_LITERAL_CONVERSION = YES;
				CLANG_WARN_OBJC_ROOT_CLASS = YES_ERROR;
				CLANG_WARN_QUOTED_INCLUDE_IN_FRAMEWORK_HEADER = YES;
				CLANG_WARN_RANGE_LOOP_ANALYSIS = YES;
				CLANG_WARN_STRICT_PROTOTYPES = YES;
				CLANG_WARN_SUSPICIOUS_MOVE = YES;
				CLANG_WARN_UNGUARDED_AVAILABILITY = YES_AGGRESSIVE;
				CLANG_WARN_UNREACHABLE_CODE = YES;
				CLANG_WARN__DUPLICATE_METHOD_MATCH = YES;
				COPY_PHASE_STRIP = NO;
				DEBUG_INFORMATION_FORMAT = "dwarf-with-dsym";
				ENABLE_NS_ASSERTIONS = NO;
				ENABLE_STRICT_OBJC_MSGSEND = YES;
				GCC_C_LANGUAGE_STANDARD = gnu11;
				GCC_NO_COMMON_BLOCKS = YES;
				GCC_WARN_64_TO_32_BIT_CONVERSION = YES;
				GCC_WARN_ABOUT_RETURN_TYPE = YES_ERROR;
				GCC_WARN_UNDECLARED_SELECTOR = YES;
				GCC_WARN_UNINITIALIZED_AUTOS = YES_AGGRESSIVE;
				GCC_WARN_UNUSED_FUNCTION = YES;
				GCC_WARN_UNUSED_VARIABLE = YES;
				IPHONEOS_DEPLOYMENT_TARGET = 16.2;
				MTL_ENABLE_DEBUG_INFO = NO;
				MTL_FAST_MATH = YES;
				SDKROOT = iphoneos;
				SWIFT_COMPILATION_MODE = wholemodule;
				SWIFT_OPTIMIZATION_LEVEL = "-O";
				VALIDATE_PRODUCT = YES;
			};
			name = Release;
		};
		C85E2BB22A9DCD9C00E34875 /* Debug */ = {
			isa = XCBuildConfiguration;
			buildSettings = {
				ASSETCATALOG_COMPILER_APPICON_NAME = AppIcon;
				ASSETCATALOG_COMPILER_GLOBAL_ACCENT_COLOR_NAME = AccentColor;
				CODE_SIGN_STYLE = Automatic;
				CURRENT_PROJECT_VERSION = 1;
				DEVELOPMENT_TEAM = 2UXM6A56QR;
				GENERATE_INFOPLIST_FILE = YES;
				INFOPLIST_FILE = RandomGeekJoke/Main/Info.plist;
				INFOPLIST_KEY_UIApplicationSupportsIndirectInputEvents = YES;
				INFOPLIST_KEY_UILaunchStoryboardName = LaunchScreen;
				INFOPLIST_KEY_UISupportedInterfaceOrientations = UIInterfaceOrientationPortrait;
				LD_RUNPATH_SEARCH_PATHS = (
					"$(inherited)",
					"@executable_path/Frameworks",
				);
				MARKETING_VERSION = 1.0;
				PRODUCT_BUNDLE_IDENTIFIER = com.RandomGeekJoke;
				PRODUCT_NAME = "$(TARGET_NAME)";
				SWIFT_EMIT_LOC_STRINGS = YES;
				SWIFT_VERSION = 5.0;
				TARGETED_DEVICE_FAMILY = "1,2";
			};
			name = Debug;
		};
		C85E2BB32A9DCD9C00E34875 /* Release */ = {
			isa = XCBuildConfiguration;
			buildSettings = {
				ASSETCATALOG_COMPILER_APPICON_NAME = AppIcon;
				ASSETCATALOG_COMPILER_GLOBAL_ACCENT_COLOR_NAME = AccentColor;
				CODE_SIGN_STYLE = Automatic;
				CURRENT_PROJECT_VERSION = 1;
				DEVELOPMENT_TEAM = 2UXM6A56QR;
				GENERATE_INFOPLIST_FILE = YES;
				INFOPLIST_FILE = RandomGeekJoke/Main/Info.plist;
				INFOPLIST_KEY_UIApplicationSupportsIndirectInputEvents = YES;
				INFOPLIST_KEY_UILaunchStoryboardName = LaunchScreen;
				INFOPLIST_KEY_UISupportedInterfaceOrientations = UIInterfaceOrientationPortrait;
				LD_RUNPATH_SEARCH_PATHS = (
					"$(inherited)",
					"@executable_path/Frameworks",
				);
				MARKETING_VERSION = 1.0;
				PRODUCT_BUNDLE_IDENTIFIER = com.RandomGeekJoke;
				PRODUCT_NAME = "$(TARGET_NAME)";
				SWIFT_EMIT_LOC_STRINGS = YES;
				SWIFT_VERSION = 5.0;
				TARGETED_DEVICE_FAMILY = "1,2";
			};
			name = Release;
		};
/* End XCBuildConfiguration section */

/* Begin XCConfigurationList section */
		C85E2B952A9DCD9500E34875 /* Build configuration list for PBXProject "RandomGeekJoke" */ = {
			isa = XCConfigurationList;
			buildConfigurations = (
				C85E2BAF2A9DCD9C00E34875 /* Debug */,
				C85E2BB02A9DCD9C00E34875 /* Release */,
			);
			defaultConfigurationIsVisible = 0;
			defaultConfigurationName = Release;
		};
		C85E2BB12A9DCD9C00E34875 /* Build configuration list for PBXNativeTarget "RandomGeekJoke" */ = {
			isa = XCConfigurationList;
			buildConfigurations = (
				C85E2BB22A9DCD9C00E34875 /* Debug */,
				C85E2BB32A9DCD9C00E34875 /* Release */,
			);
			defaultConfigurationIsVisible = 0;
			defaultConfigurationName = Release;
		};
/* End XCConfigurationList section */

/* Begin XCVersionGroup section */
		C85E2BA62A9DCD9500E34875 /* RandomGeekJoke.xcdatamodeld */ = {
			isa = XCVersionGroup;
			children = (
				C85E2BA72A9DCD9500E34875 /* RandomGeekJoke.xcdatamodel */,
			);
			currentVersion = C85E2BA72A9DCD9500E34875 /* RandomGeekJoke.xcdatamodel */;
			path = RandomGeekJoke.xcdatamodeld;
			sourceTree = "<group>";
			versionGroupType = wrapper.xcdatamodel;
		};
/* End XCVersionGroup section */
	};
	rootObject = C85E2B922A9DCD9500E34875 /* Project object */;
}
