// !$*UTF8*$!
{
	archiveVersion = 1;
	classes = {
	};
	objectVersion = 56;
	objects = {

/* Begin PBXBuildFile section */
		C85E2B9E2A9DCD9500E34875 /* AppDelegate.swift in Sources */ = {isa = PBXBuildFile; fileRef = C85E2B9D2A9DCD9500E34875 /* AppDelegate.swift */; };
		C85E2BA02A9DCD9500E34875 /* SceneDelegate.swift in Sources */ = {isa = PBXBuildFile; fileRef = C85E2B9F2A9DCD9500E34875 /* SceneDelegate.swift */; };
		C85E2BA22A9DCD9500E34875 /* ViewController.swift in Sources */ = {isa = PBXBuildFile; fileRef = C85E2BA12A9DCD9500E34875 /* ViewController.swift */; };
		C85E2BA52A9DCD9500E34875 /* Main.storyboard in Resources */ = {isa = PBXBuildFile; fileRef = C85E2BA32A9DCD9500E34875 /* Main.storyboard */; };
		C85E2BA82A9DCD9500E34875 /* RandomGeekJoke.xcdatamodeld in Sources */ = {isa = PBXBuildFile; fileRef = C85E2BA62A9DCD9500E34875 /* RandomGeekJoke.xcdatamodeld */; };
		C85E2BAA2A9DCD9C00E34875 /* Assets.xcassets in Resources */ = {isa = PBXBuildFile; fileRef = C85E2BA92A9DCD9C00E34875 /* Assets.xcassets */; };
		C85E2BAD2A9DCD9C00E34875 /* LaunchScreen.storyboard in Resources */ = {isa = PBXBuildFile; fileRef = C85E2BAB2A9DCD9C00E34875 /* LaunchScreen.storyboard */; };
/* End PBXBuildFile section */

/* Begin PBXFileReference section */
		C85E2B9A2A9DCD9500E34875 /* RandomGeekJoke.app */ = {isa = PBXFileReference; explicitFileType = wrapper.application; includeInIndex = 0; path = RandomGeekJoke.app; sourceTree = BUILT_PRODUCTS_DIR; };
		C85E2B9D2A9DCD9500E34875 /* AppDelegate.swift */ = {isa = PBXFileReference; lastKnownFileType = sourcecode.swift; path = AppDelegate.swift; sourceTree = "<group>"; };
		C85E2B9F2A9DCD9500E34875 /* SceneDelegate.swift */ = {isa = PBXFileReference; lastKnownFileType = sourcecode.swift; path = SceneDelegate.swift; sourceTree = "<group>"; };
		C85E2BA12A9DCD9500E34875 /* ViewController.swift */ = {isa = PBXFileReference; lastKnownFileType = sourcecode.swift; path = ViewController.swift; sourceTree = "<group>"; };
		C85E2BA42A9DCD9500E34875 /* Base */ = {isa = PBXFileReference; lastKnownFileType = file.storyboard; name = Base; path = Base.lproj/Main.storyboard; sourceTree = "<group>"; };
		C85E2BA72A9DCD9500E34875 /* RandomGeekJoke.xcdatamodel */ = {isa = PBXFileReference; lastKnownFileType = wrapper.xcdatamodel; path = RandomGeekJoke.xcdatamodel; sourceTree = "<group>"; };
		C85E2BA92A9DCD9C00E34875 /* Assets.xcassets */ = {isa = PBXFileReference; lastKnownFileType = folder.assetcatalog; path = Assets.xcassets; sourceTree = "<group>"; };
		C85E2BAC2A9DCD9C00E34875 /* Base */ = {isa = PBXFileReference; lastKnownFileType = file.storyboard; name = Base; path = Base.lproj/LaunchScreen.storyboard; sourceTree = "<group>"; };
		C85E2BAE2A9DCD9C00E34875 /* Info.plist */ = {isa = PBXFileReference; lastKnownFileType = text.plist.xml; path = Info.plist; sourceTree = "<group>"; };
/* End PBXFileReference section */

/* Begin PBXFrameworksBuildPhase section */
		C85E2B972A9DCD9500E34875 /* Frameworks */ = {
			isa = PBXFrameworksBuildPhase;
			buildActionMask = 2147483647;
			files = (
			);
			runOnlyForDeploymentPostprocessing = 0;
		};
/* End PBXFrameworksBuildPhase section */

/* Begin PBXGroup section */
		C85E2B912A9DCD9500E34875 = {
			isa = PBXGroup;
			children = (
				C85E2B9C2A9DCD9500E34875 /* RandomGeekJoke */,
				C85E2B9B2A9DCD9500E34875 /* Products */,
			);
			sourceTree = "<group>";
		};
		C85E2B9B2A9DCD9500E34875 /* Products */ = {
			isa = PBXGroup;
			children = (
				C85E2B9A2A9DCD9500E34875 /* RandomGeekJoke.app */,
			);
			name = Products;
			sourceTree = "<group>";
		};
		C85E2B9C2A9DCD9500E34875 /* RandomGeekJoke */ = {
			isa = PBXGroup;
			children = (
				C85E2B9D2A9DCD9500E34875 /* AppDelegate.swift */,
				C85E2B9F2A9DCD9500E34875 /* SceneDelegate.swift */,
				C85E2BA12A9DCD9500E34875 /* ViewController.swift */,
				C85E2BA32A9DCD9500E34875 /* Main.storyboard */,
				C85E2BA92A9DCD9C00E34875 /* Assets.xcassets */,
				C85E2BAB2A9DCD9C00E34875 /* LaunchScreen.storyboard */,
				C85E2BAE2A9DCD9C00E34875 /* Info.plist */,
				C85E2BA62A9DCD9500E34875 /* RandomGeekJoke.xcdatamodeld */,
			);
			path = RandomGeekJoke;
			sourceTree = "<group>";
		};
/* End PBXGroup section */

/* Begin PBXNativeTarget section */
		C85E2B992A9DCD9500E34875 /* RandomGeekJoke */ = {
			isa = PBXNativeTarget;
			buildConfigurationList = C85E2BB12A9DCD9C00E34875 /* Build configuration list for PBXNativeTarget "RandomGeekJoke" */;
			buildPhases = (
				C85E2B962A9DCD9500E34875 /* Sources */,
				C85E2B972A9DCD9500E34875 /* Frameworks */,
				C85E2B982A9DCD9500E34875 /* Resources */,
			);
			buildRules = (
			);
			dependencies = (
			);
			name = RandomGeekJoke;
			productName = RandomGeekJoke;
			productReference = C85E2B9A2A9DCD9500E34875 /* RandomGeekJoke.app */;
			productType = "com.apple.product-type.application";
		};
/* End PBXNativeTarget section */

/* Begin PBXProject section */
		C85E2B922A9DCD9500E34875 /* Project object */ = {
			isa = PBXProject;
			attributes = {
				BuildIndependentTargetsInParallel = 1;
				LastSwiftUpdateCheck = 1420;
				LastUpgradeCheck = 1420;
				TargetAttributes = {
					C85E2B992A9DCD9500E34875 = {
						CreatedOnToolsVersion = 14.2;
					};
				};
			};
			buildConfigurationList = C85E2B952A9DCD9500E34875 /* Build configuration list for PBXProject "RandomGeekJoke" */;
			compatibilityVersion = "Xcode 14.0";
			developmentRegion = en;
			hasScannedForEncodings = 0;
			knownRegions = (
				en,
				Base,
			);
			mainGroup = C85E2B912A9DCD9500E34875;
			productRefGroup = C85E2B9B2A9DCD9500E34875 /* Products */;
			projectDirPath = "";
			projectRoot = "";
			targets = (
				C85E2B992A9DCD9500E34875 /* RandomGeekJoke */,
			);
		};
/* End PBXProject section */

/* Begin PBXResourcesBuildPhase section */
		C85E2B982A9DCD9500E34875 /* Resources */ = {
			isa = PBXResourcesBuildPhase;
			buildActionMask = 2147483647;
			files = (
				C85E2BAD2A9DCD9C00E34875 /* LaunchScreen.storyboard in Resources */,
				C85E2BAA2A9DCD9C00E34875 /* Assets.xcassets in Resources */,
				C85E2BA52A9DCD9500E34875 /* Main.storyboard in Resources */,
			);
			runOnlyForDeploymentPostprocessing = 0;
		};
/* End PBXResourcesBuildPhase section */

/* Begin PBXSourcesBuildPhase section */
		C85E2B962A9DCD9500E34875 /* Sources */ = {
			isa = PBXSourcesBuildPhase;
			buildActionMask = 2147483647;
			files = (
				C85E2BA22A9DCD9500E34875 /* ViewController.swift in Sources */,
				C85E2BA82A9DCD9500E34875 /* RandomGeekJoke.xcdatamodeld in Sources */,
				C85E2B9E2A9DCD9500E34875 /* AppDelegate.swift in Sources */,
				C85E2BA02A9DCD9500E34875 /* SceneDelegate.swift in Sources */,
			);
			runOnlyForDeploymentPostprocessing = 0;
		};
/* End PBXSourcesBuildPhase section */

/* Begin PBXVariantGroup section */
		C85E2BA32A9DCD9500E34875 /* Main.storyboard */ = {
			isa = PBXVariantGroup;
			children = (
				C85E2BA42A9DCD9500E34875 /* Base */,
			);
			name = Main.storyboard;
			sourceTree = "<group>";
		};
		C85E2BAB2A9DCD9C00E34875 /* LaunchScreen.storyboard */ = {
			isa = PBXVariantGroup;
			children = (
				C85E2BAC2A9DCD9C00E34875 /* Base */,
			);
			name = LaunchScreen.storyboard;
			sourceTree = "<group>";
		};
/* End PBXVariantGroup section */

/* Begin XCBuildConfiguration section */
		C85E2BAF2A9DCD9C00E34875 /* Debug */ = {
			isa = XCBuildConfiguration;
			buildSettings = {
				ALWAYS_SEARCH_USER_PATHS = NO;
				CLANG_ANALYZER_NONNULL = YES;
				CLANG_ANALYZER_NUMBER_OBJECT_CONVERSION = YES_AGGRESSIVE;
				CLANG_CXX_LANGUAGE_STANDARD = "gnu++20";
				CLANG_ENABLE_MODULES = YES;
				CLANG_ENABLE_OBJC_ARC = YES;
				CLANG_ENABLE_OBJC_WEAK = YES;
				CLANG_WARN_BLOCK_CAPTURE_AUTORELEASING = YES;
				CLANG_WARN_BOOL_CONVERSION = YES;
				CLANG_WARN_COMMA = YES;
				CLANG_WARN_CONSTANT_CONVERSION = YES;
				CLANG_WARN_DEPRECATED_OBJC_IMPLEMENTATIONS = YES;
				CLANG_WARN_DIRECT_OBJC_ISA_USAGE = YES_ERROR;
				CLANG_WARN_DOCUMENTATION_COMMENTS = YES;
				CLANG_WARN_EMPTY_BODY = YES;
				CLANG_WARN_ENUM_CONVERSION = YES;
				CLANG_WARN_INFINITE_RECURSION = YES;
				CLANG_WARN_INT_CONVERSION = YES;
				CLANG_WARN_NON_LITERAL_NULL_CONVERSION = YES;
				CLANG_WARN_OBJC_IMPLICIT_RETAIN_SELF = YES;
				CLANG_WARN_OBJC_LITERAL_CONVERSION = YES;
				CLANG_WARN_OBJC_ROOT_CLASS = YES_ERROR;
				CLANG_WARN_QUOTED_INCLUDE_IN_FRAMEWORK_HEADER = YES;
				CLANG_WARN_RANGE_LOOP_ANALYSIS = YES;
				CLANG_WARN_STRICT_PROTOTYPES = YES;
				CLANG_WARN_SUSPICIOUS_MOVE = YES;
				CLANG_WARN_UNGUARDED_AVAILABILITY = YES_AGGRESSIVE;
				CLANG_WARN_UNREACHABLE_CODE = YES;
				CLANG_WARN__DUPLICATE_METHOD_MATCH = YES;
				COPY_PHASE_STRIP = NO;
				DEBUG_INFORMATION_FORMAT = dwarf;
				ENABLE_STRICT_OBJC_MSGSEND = YES;
				ENABLE_TESTABILITY = YES;
				GCC_C_LANGUAGE_STANDARD = gnu11;
				GCC_DYNAMIC_NO_PIC = NO;
				GCC_NO_COMMON_BLOCKS = YES;
				GCC_OPTIMIZATION_LEVEL = 0;
				GCC_PREPROCESSOR_DEFINITIONS = (
					"DEBUG=1",
					"$(inherited)",
				);
				GCC_WARN_64_TO_32_BIT_CONVERSION = YES;
				GCC_WARN_ABOUT_RETURN_TYPE = YES_ERROR;
				GCC_WARN_UNDECLARED_SELECTOR = YES;
				GCC_WARN_UNINITIALIZED_AUTOS = YES_AGGRESSIVE;
				GCC_WARN_UNUSED_FUNCTION = YES;
				GCC_WARN_UNUSED_VARIABLE = YES;
				IPHONEOS_DEPLOYMENT_TARGET = 16.2;
				MTL_ENABLE_DEBUG_INFO = INCLUDE_SOURCE;
				MTL_FAST_MATH = YES;
				ONLY_ACTIVE_ARCH = YES;
				SDKROOT = iphoneos;
				SWIFT_ACTIVE_COMPILATION_CONDITIONS = DEBUG;
				SWIFT_OPTIMIZATION_LEVEL = "-Onone";
			};
			name = Debug;
		};
		C85E2BB02A9DCD9C00E34875 /* Release */ = {
			isa = XCBuildConfiguration;
			buildSettings = {
				ALWAYS_SEARCH_USER_PATHS = NO;
				CLANG_ANALYZER_NONNULL = YES;
				CLANG_ANALYZER_NUMBER_OBJECT_CONVERSION = YES_AGGRESSIVE;
				CLANG_CXX_LANGUAGE_STANDARD = "gnu++20";
				CLANG_ENABLE_MODULES = YES;
				CLANG_ENABLE_OBJC_ARC = YES;
				CLANG_ENABLE_OBJC_WEAK = YES;
				CLANG_WARN_BLOCK_CAPTURE_AUTORELEASING = YES;
				CLANG_WARN_BOOL_CONVERSION = YES;
				CLANG_WARN_COMMA = YES;
				CLANG_WARN_CONSTANT_CONVERSION = YES;
				CLANG_WARN_DEPRECATED_OBJC_IMPLEMENTATIONS = YES;
				CLANG_WARN_DIRECT_OBJC_ISA_USAGE = YES_ERROR;
				CLANG_WARN_DOCUMENTATION_COMMENTS = YES;
				CLANG_WARN_EMPTY_BODY = YES;
				CLANG_WARN_ENUM_CONVERSION = YES;
				CLANG_WARN_INFINITE_RECURSION = YES;
				CLANG_WARN_INT_CONVERSION = YES;
				CLANG_WARN_NON_LITERAL_NULL_CONVERSION = YES;
				CLANG_WARN_OBJC_IMPLICIT_RETAIN_SELF = YES;
				CLANG_WARN_OBJC_LITERAL_CONVERSION = YES;
				CLANG_WARN_OBJC_ROOT_CLASS = YES_ERROR;
				CLANG_WARN_QUOTED_INCLUDE_IN_FRAMEWORK_HEADER = YES;
				CLANG_WARN_RANGE_LOOP_ANALYSIS = YES;
				CLANG_WARN_STRICT_PROTOTYPES = YES;
				CLANG_WARN_SUSPICIOUS_MOVE = YES;
				CLANG_WARN_UNGUARDED_AVAILABILITY = YES_AGGRESSIVE;
				CLANG_WARN_UNREACHABLE_CODE = YES;
				CLANG_WARN__DUPLICATE_METHOD_MATCH = YES;
				COPY_PHASE_STRIP = NO;
				DEBUG_INFORMATION_FORMAT = "dwarf-with-dsym";
				ENABLE_NS_ASSERTIONS = NO;
				ENABLE_STRICT_OBJC_MSGSEND = YES;
				GCC_C_LANGUAGE_STANDARD = gnu11;
				GCC_NO_COMMON_BLOCKS = YES;
				GCC_WARN_64_TO_32_BIT_CONVERSION = YES;
				GCC_WARN_ABOUT_RETURN_TYPE = YES_ERROR;
				GCC_WARN_UNDECLARED_SELECTOR = YES;
				GCC_WARN_UNINITIALIZED_AUTOS = YES_AGGRESSIVE;
				GCC_WARN_UNUSED_FUNCTION = YES;
				GCC_WARN_UNUSED_VARIABLE = YES;
				IPHONEOS_DEPLOYMENT_TARGET = 16.2;
				MTL_ENABLE_DEBUG_INFO = NO;
				MTL_FAST_MATH = YES;
				SDKROOT = iphoneos;
				SWIFT_COMPILATION_MODE = wholemodule;
				SWIFT_OPTIMIZATION_LEVEL = "-O";
				VALIDATE_PRODUCT = YES;
			};
			name = Release;
		};
		C85E2BB22A9DCD9C00E34875 /* Debug */ = {
			isa = XCBuildConfiguration;
			buildSettings = {
				ASSETCATALOG_COMPILER_APPICON_NAME = AppIcon;
				ASSETCATALOG_COMPILER_GLOBAL_ACCENT_COLOR_NAME = AccentColor;
				CODE_SIGN_STYLE = Automatic;
				CURRENT_PROJECT_VERSION = 1;
				DEVELOPMENT_TEAM = 2UXM6A56QR;
				GENERATE_INFOPLIST_FILE = YES;
				INFOPLIST_FILE = RandomGeekJoke/Info.plist;
				INFOPLIST_KEY_UIApplicationSupportsIndirectInputEvents = YES;
				INFOPLIST_KEY_UILaunchStoryboardName = LaunchScreen;
				INFOPLIST_KEY_UIMainStoryboardFile = Main;
				INFOPLIST_KEY_UISupportedInterfaceOrientations_iPad = "UIInterfaceOrientationPortrait UIInterfaceOrientationPortraitUpsideDown UIInterfaceOrientationLandscapeLeft UIInterfaceOrientationLandscapeRight";
				INFOPLIST_KEY_UISupportedInterfaceOrientations_iPhone = "UIInterfaceOrientationPortrait UIInterfaceOrientationLandscapeLeft UIInterfaceOrientationLandscapeRight";
				LD_RUNPATH_SEARCH_PATHS = (
					"$(inherited)",
					"@executable_path/Frameworks",
				);
				MARKETING_VERSION = 1.0;
				PRODUCT_BUNDLE_IDENTIFIER = com.RandomGeekJoke;
				PRODUCT_NAME = "$(TARGET_NAME)";
				SWIFT_EMIT_LOC_STRINGS = YES;
				SWIFT_VERSION = 5.0;
				TARGETED_DEVICE_FAMILY = "1,2";
			};
			name = Debug;
		};
		C85E2BB32A9DCD9C00E34875 /* Release */ = {
			isa = XCBuildConfiguration;
			buildSettings = {
				ASSETCATALOG_COMPILER_APPICON_NAME = AppIcon;
				ASSETCATALOG_COMPILER_GLOBAL_ACCENT_COLOR_NAME = AccentColor;
				CODE_SIGN_STYLE = Automatic;
				CURRENT_PROJECT_VERSION = 1;
				DEVELOPMENT_TEAM = 2UXM6A56QR;
				GENERATE_INFOPLIST_FILE = YES;
				INFOPLIST_FILE = RandomGeekJoke/Info.plist;
				INFOPLIST_KEY_UIApplicationSupportsIndirectInputEvents = YES;
				INFOPLIST_KEY_UILaunchStoryboardName = LaunchScreen;
				INFOPLIST_KEY_UIMainStoryboardFile = Main;
				INFOPLIST_KEY_UISupportedInterfaceOrientations_iPad = "UIInterfaceOrientationPortrait UIInterfaceOrientationPortraitUpsideDown UIInterfaceOrientationLandscapeLeft UIInterfaceOrientationLandscapeRight";
				INFOPLIST_KEY_UISupportedInterfaceOrientations_iPhone = "UIInterfaceOrientationPortrait UIInterfaceOrientationLandscapeLeft UIInterfaceOrientationLandscapeRight";
				LD_RUNPATH_SEARCH_PATHS = (
					"$(inherited)",
					"@executable_path/Frameworks",
				);
				MARKETING_VERSION = 1.0;
				PRODUCT_BUNDLE_IDENTIFIER = com.RandomGeekJoke;
				PRODUCT_NAME = "$(TARGET_NAME)";
				SWIFT_EMIT_LOC_STRINGS = YES;
				SWIFT_VERSION = 5.0;
				TARGETED_DEVICE_FAMILY = "1,2";
			};
			name = Release;
		};
/* End XCBuildConfiguration section */

/* Begin XCConfigurationList section */
		C85E2B952A9DCD9500E34875 /* Build configuration list for PBXProject "RandomGeekJoke" */ = {
			isa = XCConfigurationList;
			buildConfigurations = (
				C85E2BAF2A9DCD9C00E34875 /* Debug */,
				C85E2BB02A9DCD9C00E34875 /* Release */,
			);
			defaultConfigurationIsVisible = 0;
			defaultConfigurationName = Release;
		};
		C85E2BB12A9DCD9C00E34875 /* Build configuration list for PBXNativeTarget "RandomGeekJoke" */ = {
			isa = XCConfigurationList;
			buildConfigurations = (
				C85E2BB22A9DCD9C00E34875 /* Debug */,
				C85E2BB32A9DCD9C00E34875 /* Release */,
			);
			defaultConfigurationIsVisible = 0;
			defaultConfigurationName = Release;
		};
/* End XCConfigurationList section */

/* Begin XCVersionGroup section */
		C85E2BA62A9DCD9500E34875 /* RandomGeekJoke.xcdatamodeld */ = {
			isa = XCVersionGroup;
			children = (
				C85E2BA72A9DCD9500E34875 /* RandomGeekJoke.xcdatamodel */,
			);
			currentVersion = C85E2BA72A9DCD9500E34875 /* RandomGeekJoke.xcdatamodel */;
			path = RandomGeekJoke.xcdatamodeld;
			sourceTree = "<group>";
			versionGroupType = wrapper.xcdatamodel;
		};
/* End XCVersionGroup section */
	};
	rootObject = C85E2B922A9DCD9500E34875 /* Project object */;
}
